{
  "nodes": {
    "DiffPIHs": {
      "flake": false,
      "locked": {
        "lastModified": 1629459482,
        "narHash": "sha256-By7kHNBW5y+BxmrnvA067qp3LfkscezJkSViL9b3eCg=",
        "owner": "DiffMu",
        "repo": "DiffPrivacyInferenceHs",
        "rev": "fa59ec5c9948be4d7b2cd6d7412fa567cc9e3be2",
        "type": "github"
      },
      "original": {
        "owner": "DiffMu",
        "repo": "DiffPrivacyInferenceHs",
        "type": "github"
      }
    },
    "nixpkgs": {
      "locked": {
        "lastModified": 1629772723,
        "narHash": "sha256-/BQRsa1FsGb7v4xylPnHhU2/chw3EFbCv5/ZaY/eNsE=",
        "owner": "NixOS",
        "repo": "nixpkgs",
        "rev": "d5aadbefd650cb0a05ba9c788a26327afce2396c",
        "type": "github"
      },
      "original": {
        "id": "nixpkgs",
        "ref": "nixos-21.05",
        "type": "indirect"
      }
    },
    "root": {
      "inputs": {
        "DiffPIHs": "DiffPIHs",
        "nixpkgs": "nixpkgs"
      }
    }
  },
  "root": "root",
  "version": 7
}
